// !$*UTF8*$!
{
	archiveVersion = 1;
	classes = {
	};
	objectVersion = 77;
	objects = {

/* Begin PBXBuildFile section */
		DD30D2C02DE8B15300E4CF4F /* Apollo in Frameworks */ = {isa = PBXBuildFile; productRef = DD30D2BF2DE8B15300E4CF4F /* Apollo */; };
		DD30D2C22DE8B15300E4CF4F /* Authenticate in Frameworks */ = {isa = PBXBuildFile; productRef = DD30D2C12DE8B15300E4CF4F /* Authenticate */; };
		DD30D2C42DE8B15300E4CF4F /* Builders in Frameworks */ = {isa = PBXBuildFile; productRef = DD30D2C32DE8B15300E4CF4F /* Builders */; };
		DD30D2C62DE8B15300E4CF4F /* Castor in Frameworks */ = {isa = PBXBuildFile; productRef = DD30D2C52DE8B15300E4CF4F /* Castor */; };
		DD30D2C82DE8B15300E4CF4F /* Domain in Frameworks */ = {isa = PBXBuildFile; productRef = DD30D2C72DE8B15300E4CF4F /* Domain */; };
		DD30D2CA2DE8B15300E4CF4F /* EdgeAgent in Frameworks */ = {isa = PBXBuildFile; productRef = DD30D2C92DE8B15300E4CF4F /* EdgeAgent */; };
		DD30D2CC2DE8B15300E4CF4F /* EdgeAgentSDK in Frameworks */ = {isa = PBXBuildFile; productRef = DD30D2CB2DE8B15300E4CF4F /* EdgeAgentSDK */; };
		DD30D2CE2DE8B15300E4CF4F /* Mercury in Frameworks */ = {isa = PBXBuildFile; productRef = DD30D2CD2DE8B15300E4CF4F /* Mercury */; };
		DD30D2D02DE8B15300E4CF4F /* Pluto in Frameworks */ = {isa = PBXBuildFile; productRef = DD30D2CF2DE8B15300E4CF4F /* Pluto */; };
		DD30D2D22DE8B15300E4CF4F /* Pollux in Frameworks */ = {isa = PBXBuildFile; productRef = DD30D2D12DE8B15300E4CF4F /* Pollux */; };
		DD6BF99D2DE61D5100DD47B3 /* Apollo in Frameworks */ = {isa = PBXBuildFile; productRef = DD6BF99C2DE61D5100DD47B3 /* Apollo */; };
		DD6BF99F2DE61D5100DD47B3 /* Authenticate in Frameworks */ = {isa = PBXBuildFile; productRef = DD6BF99E2DE61D5100DD47B3 /* Authenticate */; };
		DD6BF9A12DE61D5100DD47B3 /* Builders in Frameworks */ = {isa = PBXBuildFile; productRef = DD6BF9A02DE61D5100DD47B3 /* Builders */; };
		DD6BF9A32DE61D5100DD47B3 /* Castor in Frameworks */ = {isa = PBXBuildFile; productRef = DD6BF9A22DE61D5100DD47B3 /* Castor */; };
		DD6BF9A52DE61D5100DD47B3 /* Domain in Frameworks */ = {isa = PBXBuildFile; productRef = DD6BF9A42DE61D5100DD47B3 /* Domain */; };
		DD6BF9A72DE61D5100DD47B3 /* EdgeAgent in Frameworks */ = {isa = PBXBuildFile; productRef = DD6BF9A62DE61D5100DD47B3 /* EdgeAgent */; };
		DD6BF9A92DE61D5100DD47B3 /* EdgeAgentSDK in Frameworks */ = {isa = PBXBuildFile; productRef = DD6BF9A82DE61D5100DD47B3 /* EdgeAgentSDK */; };
		DD6BF9AB2DE61D5100DD47B3 /* Mercury in Frameworks */ = {isa = PBXBuildFile; productRef = DD6BF9AA2DE61D5100DD47B3 /* Mercury */; };
		DD6BF9AD2DE61D5100DD47B3 /* Pluto in Frameworks */ = {isa = PBXBuildFile; productRef = DD6BF9AC2DE61D5100DD47B3 /* Pluto */; };
		DD6BF9AF2DE61D5100DD47B3 /* Pollux in Frameworks */ = {isa = PBXBuildFile; productRef = DD6BF9AE2DE61D5100DD47B3 /* Pollux */; };
		DD9535062E38FBDE00A23E41 /* IdentusSwift in Frameworks */ = {isa = PBXBuildFile; productRef = DD9535052E38FBDE00A23E41 /* IdentusSwift */; };
		DDB67EF82DE8437800567E6E /* Apollo in Frameworks */ = {isa = PBXBuildFile; productRef = DDB67EF72DE8437800567E6E /* Apollo */; };
		DDB67EFA2DE8437800567E6E /* Authenticate in Frameworks */ = {isa = PBXBuildFile; productRef = DDB67EF92DE8437800567E6E /* Authenticate */; };
		DDB67EFC2DE8437800567E6E /* Builders in Frameworks */ = {isa = PBXBuildFile; productRef = DDB67EFB2DE8437800567E6E /* Builders */; };
		DDB67EFE2DE8437800567E6E /* Castor in Frameworks */ = {isa = PBXBuildFile; productRef = DDB67EFD2DE8437800567E6E /* Castor */; };
		DDB67F002DE8437800567E6E /* Domain in Frameworks */ = {isa = PBXBuildFile; productRef = DDB67EFF2DE8437800567E6E /* Domain */; };
		DDB67F022DE8437800567E6E /* EdgeAgent in Frameworks */ = {isa = PBXBuildFile; productRef = DDB67F012DE8437800567E6E /* EdgeAgent */; };
		DDB67F042DE8437800567E6E /* EdgeAgentSDK in Frameworks */ = {isa = PBXBuildFile; productRef = DDB67F032DE8437800567E6E /* EdgeAgentSDK */; };
		DDB67F062DE8437800567E6E /* Mercury in Frameworks */ = {isa = PBXBuildFile; productRef = DDB67F052DE8437800567E6E /* Mercury */; };
		DDB67F082DE8437800567E6E /* Pluto in Frameworks */ = {isa = PBXBuildFile; productRef = DDB67F072DE8437800567E6E /* Pluto */; };
		DDB67F0A2DE8437800567E6E /* Pollux in Frameworks */ = {isa = PBXBuildFile; productRef = DDB67F092DE8437800567E6E /* Pollux */; };
		DDD641132DE5E4FF005DE0AF /* Apollo in Frameworks */ = {isa = PBXBuildFile; productRef = DDD641122DE5E4FF005DE0AF /* Apollo */; };
		DDD641152DE5E4FF005DE0AF /* Authenticate in Frameworks */ = {isa = PBXBuildFile; productRef = DDD641142DE5E4FF005DE0AF /* Authenticate */; };
		DDD641172DE5E4FF005DE0AF /* Builders in Frameworks */ = {isa = PBXBuildFile; productRef = DDD641162DE5E4FF005DE0AF /* Builders */; };
		DDD641192DE5E4FF005DE0AF /* Castor in Frameworks */ = {isa = PBXBuildFile; productRef = DDD641182DE5E4FF005DE0AF /* Castor */; };
		DDD6411B2DE5E4FF005DE0AF /* Domain in Frameworks */ = {isa = PBXBuildFile; productRef = DDD6411A2DE5E4FF005DE0AF /* Domain */; };
		DDD6411D2DE5E4FF005DE0AF /* EdgeAgent in Frameworks */ = {isa = PBXBuildFile; productRef = DDD6411C2DE5E4FF005DE0AF /* EdgeAgent */; };
		DDD6411F2DE5E4FF005DE0AF /* EdgeAgentSDK in Frameworks */ = {isa = PBXBuildFile; productRef = DDD6411E2DE5E4FF005DE0AF /* EdgeAgentSDK */; };
		DDD641212DE5E4FF005DE0AF /* Mercury in Frameworks */ = {isa = PBXBuildFile; productRef = DDD641202DE5E4FF005DE0AF /* Mercury */; };
		DDD641232DE5E4FF005DE0AF /* Pluto in Frameworks */ = {isa = PBXBuildFile; productRef = DDD641222DE5E4FF005DE0AF /* Pluto */; };
		DDD641252DE5E4FF005DE0AF /* Pollux in Frameworks */ = {isa = PBXBuildFile; productRef = DDD641242DE5E4FF005DE0AF /* Pollux */; };
		FC4D618F2D18CC1200CB2733 /* KeychainSwift in Frameworks */ = {isa = PBXBuildFile; productRef = FC4D618E2D18CC1200CB2733 /* KeychainSwift */; };
/* End PBXBuildFile section */

/* Begin PBXContainerItemProxy section */
		FCC0A7942CE00D3E00649302 /* PBXContainerItemProxy */ = {
			isa = PBXContainerItemProxy;
			containerPortal = FCC0A77A2CE00D3D00649302 /* Project object */;
			proxyType = 1;
			remoteGlobalIDString = FCC0A7812CE00D3D00649302;
			remoteInfo = FlightTix;
		};
		FCC0A79E2CE00D3E00649302 /* PBXContainerItemProxy */ = {
			isa = PBXContainerItemProxy;
			containerPortal = FCC0A77A2CE00D3D00649302 /* Project object */;
			proxyType = 1;
			remoteGlobalIDString = FCC0A7812CE00D3D00649302;
			remoteInfo = FlightTix;
		};
/* End PBXContainerItemProxy section */

/* Begin PBXFileReference section */
		FCC0A7822CE00D3D00649302 /* FlightTix.app */ = {isa = PBXFileReference; explicitFileType = wrapper.application; includeInIndex = 0; path = FlightTix.app; sourceTree = BUILT_PRODUCTS_DIR; };
		FCC0A7932CE00D3E00649302 /* FlightTixTests.xctest */ = {isa = PBXFileReference; explicitFileType = wrapper.cfbundle; includeInIndex = 0; path = FlightTixTests.xctest; sourceTree = BUILT_PRODUCTS_DIR; };
		FCC0A79D2CE00D3E00649302 /* FlightTixUITests.xctest */ = {isa = PBXFileReference; explicitFileType = wrapper.cfbundle; includeInIndex = 0; path = FlightTixUITests.xctest; sourceTree = BUILT_PRODUCTS_DIR; };
/* End PBXFileReference section */

/* Begin PBXFileSystemSynchronizedRootGroup section */
		FCC0A7842CE00D3D00649302 /* FlightTix */ = {
			isa = PBXFileSystemSynchronizedRootGroup;
			path = FlightTix;
			sourceTree = "<group>";
		};
		FCC0A7962CE00D3E00649302 /* FlightTixTests */ = {
			isa = PBXFileSystemSynchronizedRootGroup;
			path = FlightTixTests;
			sourceTree = "<group>";
		};
		FCC0A7A02CE00D3E00649302 /* FlightTixUITests */ = {
			isa = PBXFileSystemSynchronizedRootGroup;
			path = FlightTixUITests;
			sourceTree = "<group>";
		};
/* End PBXFileSystemSynchronizedRootGroup section */

/* Begin PBXFrameworksBuildPhase section */
		FCC0A77F2CE00D3D00649302 /* Frameworks */ = {
			isa = PBXFrameworksBuildPhase;
			buildActionMask = 2147483647;
			files = (
				DD30D2C62DE8B15300E4CF4F /* Castor in Frameworks */,
				DDB67F002DE8437800567E6E /* Domain in Frameworks */,
				DDB67EFA2DE8437800567E6E /* Authenticate in Frameworks */,
				DDD6411B2DE5E4FF005DE0AF /* Domain in Frameworks */,
				DD6BF99D2DE61D5100DD47B3 /* Apollo in Frameworks */,
				DD6BF9AF2DE61D5100DD47B3 /* Pollux in Frameworks */,
				DD30D2C82DE8B15300E4CF4F /* Domain in Frameworks */,
				DDD6411D2DE5E4FF005DE0AF /* EdgeAgent in Frameworks */,
				DD6BF9AB2DE61D5100DD47B3 /* Mercury in Frameworks */,
				DDB67F0A2DE8437800567E6E /* Pollux in Frameworks */,
				DD30D2CC2DE8B15300E4CF4F /* EdgeAgentSDK in Frameworks */,
				DDD6411F2DE5E4FF005DE0AF /* EdgeAgentSDK in Frameworks */,
				DD6BF9AD2DE61D5100DD47B3 /* Pluto in Frameworks */,
				DD6BF9A92DE61D5100DD47B3 /* EdgeAgentSDK in Frameworks */,
				DDD641252DE5E4FF005DE0AF /* Pollux in Frameworks */,
				DD6BF9A32DE61D5100DD47B3 /* Castor in Frameworks */,
				DD30D2C02DE8B15300E4CF4F /* Apollo in Frameworks */,
				DDD641212DE5E4FF005DE0AF /* Mercury in Frameworks */,
				DDB67EF82DE8437800567E6E /* Apollo in Frameworks */,
				DD30D2C22DE8B15300E4CF4F /* Authenticate in Frameworks */,
				DD6BF99F2DE61D5100DD47B3 /* Authenticate in Frameworks */,
				DDB67F082DE8437800567E6E /* Pluto in Frameworks */,
				DD30D2D22DE8B15300E4CF4F /* Pollux in Frameworks */,
				DDD641192DE5E4FF005DE0AF /* Castor in Frameworks */,
				DDB67EFE2DE8437800567E6E /* Castor in Frameworks */,
				DDD641232DE5E4FF005DE0AF /* Pluto in Frameworks */,
				DD30D2D02DE8B15300E4CF4F /* Pluto in Frameworks */,
				FC4D618F2D18CC1200CB2733 /* KeychainSwift in Frameworks */,
				DD6BF9A12DE61D5100DD47B3 /* Builders in Frameworks */,
				DD30D2CE2DE8B15300E4CF4F /* Mercury in Frameworks */,
				DDB67EFC2DE8437800567E6E /* Builders in Frameworks */,
				DDB67F062DE8437800567E6E /* Mercury in Frameworks */,
				DD30D2C42DE8B15300E4CF4F /* Builders in Frameworks */,
				DDB67F022DE8437800567E6E /* EdgeAgent in Frameworks */,
				DDD641152DE5E4FF005DE0AF /* Authenticate in Frameworks */,
				DD9535062E38FBDE00A23E41 /* IdentusSwift in Frameworks */,
				DDD641172DE5E4FF005DE0AF /* Builders in Frameworks */,
				DD6BF9A52DE61D5100DD47B3 /* Domain in Frameworks */,
				DD6BF9A72DE61D5100DD47B3 /* EdgeAgent in Frameworks */,
				DD30D2CA2DE8B15300E4CF4F /* EdgeAgent in Frameworks */,
				DDB67F042DE8437800567E6E /* EdgeAgentSDK in Frameworks */,
				DDD641132DE5E4FF005DE0AF /* Apollo in Frameworks */,
			);
			runOnlyForDeploymentPostprocessing = 0;
		};
		FCC0A7902CE00D3E00649302 /* Frameworks */ = {
			isa = PBXFrameworksBuildPhase;
			buildActionMask = 2147483647;
			files = (
			);
			runOnlyForDeploymentPostprocessing = 0;
		};
		FCC0A79A2CE00D3E00649302 /* Frameworks */ = {
			isa = PBXFrameworksBuildPhase;
			buildActionMask = 2147483647;
			files = (
			);
			runOnlyForDeploymentPostprocessing = 0;
		};
/* End PBXFrameworksBuildPhase section */

/* Begin PBXGroup section */
		FC4A95F52CF2FF8D0004D292 /* Frameworks */ = {
			isa = PBXGroup;
			children = (
			);
			name = Frameworks;
			sourceTree = "<group>";
		};
		FCC0A7792CE00D3D00649302 = {
			isa = PBXGroup;
			children = (
				FCC0A7842CE00D3D00649302 /* FlightTix */,
				FCC0A7962CE00D3E00649302 /* FlightTixTests */,
				FCC0A7A02CE00D3E00649302 /* FlightTixUITests */,
				FC4A95F52CF2FF8D0004D292 /* Frameworks */,
				FCC0A7832CE00D3D00649302 /* Products */,
			);
			sourceTree = "<group>";
		};
		FCC0A7832CE00D3D00649302 /* Products */ = {
			isa = PBXGroup;
			children = (
				FCC0A7822CE00D3D00649302 /* FlightTix.app */,
				FCC0A7932CE00D3E00649302 /* FlightTixTests.xctest */,
				FCC0A79D2CE00D3E00649302 /* FlightTixUITests.xctest */,
			);
			name = Products;
			sourceTree = "<group>";
		};
/* End PBXGroup section */

/* Begin PBXNativeTarget section */
		FCC0A7812CE00D3D00649302 /* FlightTix */ = {
			isa = PBXNativeTarget;
			buildConfigurationList = FCC0A7A72CE00D3E00649302 /* Build configuration list for PBXNativeTarget "FlightTix" */;
			buildPhases = (
				FCC0A77E2CE00D3D00649302 /* Sources */,
				FCC0A77F2CE00D3D00649302 /* Frameworks */,
				FCC0A7802CE00D3D00649302 /* Resources */,
			);
			buildRules = (
			);
			dependencies = (
			);
			fileSystemSynchronizedGroups = (
				FCC0A7842CE00D3D00649302 /* FlightTix */,
			);
			name = FlightTix;
			packageProductDependencies = (
				FC4D618E2D18CC1200CB2733 /* KeychainSwift */,
				DDD641122DE5E4FF005DE0AF /* Apollo */,
				DDD641142DE5E4FF005DE0AF /* Authenticate */,
				DDD641162DE5E4FF005DE0AF /* Builders */,
				DDD641182DE5E4FF005DE0AF /* Castor */,
				DDD6411A2DE5E4FF005DE0AF /* Domain */,
				DDD6411C2DE5E4FF005DE0AF /* EdgeAgent */,
				DDD6411E2DE5E4FF005DE0AF /* EdgeAgentSDK */,
				DDD641202DE5E4FF005DE0AF /* Mercury */,
				DDD641222DE5E4FF005DE0AF /* Pluto */,
				DDD641242DE5E4FF005DE0AF /* Pollux */,
				DD6BF99C2DE61D5100DD47B3 /* Apollo */,
				DD6BF99E2DE61D5100DD47B3 /* Authenticate */,
				DD6BF9A02DE61D5100DD47B3 /* Builders */,
				DD6BF9A22DE61D5100DD47B3 /* Castor */,
				DD6BF9A42DE61D5100DD47B3 /* Domain */,
				DD6BF9A62DE61D5100DD47B3 /* EdgeAgent */,
				DD6BF9A82DE61D5100DD47B3 /* EdgeAgentSDK */,
				DD6BF9AA2DE61D5100DD47B3 /* Mercury */,
				DD6BF9AC2DE61D5100DD47B3 /* Pluto */,
				DD6BF9AE2DE61D5100DD47B3 /* Pollux */,
				DDB67EF72DE8437800567E6E /* Apollo */,
				DDB67EF92DE8437800567E6E /* Authenticate */,
				DDB67EFB2DE8437800567E6E /* Builders */,
				DDB67EFD2DE8437800567E6E /* Castor */,
				DDB67EFF2DE8437800567E6E /* Domain */,
				DDB67F012DE8437800567E6E /* EdgeAgent */,
				DDB67F032DE8437800567E6E /* EdgeAgentSDK */,
				DDB67F052DE8437800567E6E /* Mercury */,
				DDB67F072DE8437800567E6E /* Pluto */,
				DDB67F092DE8437800567E6E /* Pollux */,
				DD30D2BF2DE8B15300E4CF4F /* Apollo */,
				DD30D2C12DE8B15300E4CF4F /* Authenticate */,
				DD30D2C32DE8B15300E4CF4F /* Builders */,
				DD30D2C52DE8B15300E4CF4F /* Castor */,
				DD30D2C72DE8B15300E4CF4F /* Domain */,
				DD30D2C92DE8B15300E4CF4F /* EdgeAgent */,
				DD30D2CB2DE8B15300E4CF4F /* EdgeAgentSDK */,
				DD30D2CD2DE8B15300E4CF4F /* Mercury */,
				DD30D2CF2DE8B15300E4CF4F /* Pluto */,
				DD30D2D12DE8B15300E4CF4F /* Pollux */,
				DD9535052E38FBDE00A23E41 /* IdentusSwift */,
			);
			productName = FlightTix;
			productReference = FCC0A7822CE00D3D00649302 /* FlightTix.app */;
			productType = "com.apple.product-type.application";
		};
		FCC0A7922CE00D3E00649302 /* FlightTixTests */ = {
			isa = PBXNativeTarget;
			buildConfigurationList = FCC0A7AA2CE00D3E00649302 /* Build configuration list for PBXNativeTarget "FlightTixTests" */;
			buildPhases = (
				FCC0A78F2CE00D3E00649302 /* Sources */,
				FCC0A7902CE00D3E00649302 /* Frameworks */,
				FCC0A7912CE00D3E00649302 /* Resources */,
			);
			buildRules = (
			);
			dependencies = (
				FCC0A7952CE00D3E00649302 /* PBXTargetDependency */,
			);
			fileSystemSynchronizedGroups = (
				FCC0A7962CE00D3E00649302 /* FlightTixTests */,
			);
			name = FlightTixTests;
			packageProductDependencies = (
			);
			productName = FlightTixTests;
			productReference = FCC0A7932CE00D3E00649302 /* FlightTixTests.xctest */;
			productType = "com.apple.product-type.bundle.unit-test";
		};
		FCC0A79C2CE00D3E00649302 /* FlightTixUITests */ = {
			isa = PBXNativeTarget;
			buildConfigurationList = FCC0A7AD2CE00D3E00649302 /* Build configuration list for PBXNativeTarget "FlightTixUITests" */;
			buildPhases = (
				FCC0A7992CE00D3E00649302 /* Sources */,
				FCC0A79A2CE00D3E00649302 /* Frameworks */,
				FCC0A79B2CE00D3E00649302 /* Resources */,
			);
			buildRules = (
			);
			dependencies = (
				FCC0A79F2CE00D3E00649302 /* PBXTargetDependency */,
			);
			fileSystemSynchronizedGroups = (
				FCC0A7A02CE00D3E00649302 /* FlightTixUITests */,
			);
			name = FlightTixUITests;
			packageProductDependencies = (
			);
			productName = FlightTixUITests;
			productReference = FCC0A79D2CE00D3E00649302 /* FlightTixUITests.xctest */;
			productType = "com.apple.product-type.bundle.ui-testing";
		};
/* End PBXNativeTarget section */

/* Begin PBXProject section */
		FCC0A77A2CE00D3D00649302 /* Project object */ = {
			isa = PBXProject;
			attributes = {
				BuildIndependentTargetsInParallel = 1;
				LastSwiftUpdateCheck = 1600;
				LastUpgradeCheck = 1620;
				TargetAttributes = {
					FCC0A7812CE00D3D00649302 = {
						CreatedOnToolsVersion = 16.0;
					};
					FCC0A7922CE00D3E00649302 = {
						CreatedOnToolsVersion = 16.0;
						TestTargetID = FCC0A7812CE00D3D00649302;
					};
					FCC0A79C2CE00D3E00649302 = {
						CreatedOnToolsVersion = 16.0;
						TestTargetID = FCC0A7812CE00D3D00649302;
					};
				};
			};
			buildConfigurationList = FCC0A77D2CE00D3D00649302 /* Build configuration list for PBXProject "FlightTix" */;
			developmentRegion = en;
			hasScannedForEncodings = 0;
			knownRegions = (
				en,
				Base,
			);
			mainGroup = FCC0A7792CE00D3D00649302;
			minimizedProjectReferenceProxies = 1;
			packageReferences = (
				FC4D618D2D18CC1200CB2733 /* XCRemoteSwiftPackageReference "keychain-swift" */,
				DD30D2BE2DE8B15300E4CF4F /* XCRemoteSwiftPackageReference "sdk-swift" */,
				DD9535042E38FBDE00A23E41 /* XCRemoteSwiftPackageReference "identus-swift" */,
			);
			preferredProjectObjectVersion = 77;
			productRefGroup = FCC0A7832CE00D3D00649302 /* Products */;
			projectDirPath = "";
			projectRoot = "";
			targets = (
				FCC0A7812CE00D3D00649302 /* FlightTix */,
				FCC0A7922CE00D3E00649302 /* FlightTixTests */,
				FCC0A79C2CE00D3E00649302 /* FlightTixUITests */,
			);
		};
/* End PBXProject section */

/* Begin PBXResourcesBuildPhase section */
		FCC0A7802CE00D3D00649302 /* Resources */ = {
			isa = PBXResourcesBuildPhase;
			buildActionMask = 2147483647;
			files = (
			);
			runOnlyForDeploymentPostprocessing = 0;
		};
		FCC0A7912CE00D3E00649302 /* Resources */ = {
			isa = PBXResourcesBuildPhase;
			buildActionMask = 2147483647;
			files = (
			);
			runOnlyForDeploymentPostprocessing = 0;
		};
		FCC0A79B2CE00D3E00649302 /* Resources */ = {
			isa = PBXResourcesBuildPhase;
			buildActionMask = 2147483647;
			files = (
			);
			runOnlyForDeploymentPostprocessing = 0;
		};
/* End PBXResourcesBuildPhase section */

/* Begin PBXSourcesBuildPhase section */
		FCC0A77E2CE00D3D00649302 /* Sources */ = {
			isa = PBXSourcesBuildPhase;
			buildActionMask = 2147483647;
			files = (
			);
			runOnlyForDeploymentPostprocessing = 0;
		};
		FCC0A78F2CE00D3E00649302 /* Sources */ = {
			isa = PBXSourcesBuildPhase;
			buildActionMask = 2147483647;
			files = (
			);
			runOnlyForDeploymentPostprocessing = 0;
		};
		FCC0A7992CE00D3E00649302 /* Sources */ = {
			isa = PBXSourcesBuildPhase;
			buildActionMask = 2147483647;
			files = (
			);
			runOnlyForDeploymentPostprocessing = 0;
		};
/* End PBXSourcesBuildPhase section */

/* Begin PBXTargetDependency section */
		FCC0A7952CE00D3E00649302 /* PBXTargetDependency */ = {
			isa = PBXTargetDependency;
			target = FCC0A7812CE00D3D00649302 /* FlightTix */;
			targetProxy = FCC0A7942CE00D3E00649302 /* PBXContainerItemProxy */;
		};
		FCC0A79F2CE00D3E00649302 /* PBXTargetDependency */ = {
			isa = PBXTargetDependency;
			target = FCC0A7812CE00D3D00649302 /* FlightTix */;
			targetProxy = FCC0A79E2CE00D3E00649302 /* PBXContainerItemProxy */;
		};
/* End PBXTargetDependency section */

/* Begin XCBuildConfiguration section */
		FCC0A7A52CE00D3E00649302 /* Debug */ = {
			isa = XCBuildConfiguration;
			buildSettings = {
				ALWAYS_SEARCH_USER_PATHS = NO;
				ASSETCATALOG_COMPILER_GENERATE_SWIFT_ASSET_SYMBOL_EXTENSIONS = YES;
				CLANG_ANALYZER_NONNULL = YES;
				CLANG_ANALYZER_NUMBER_OBJECT_CONVERSION = YES_AGGRESSIVE;
				CLANG_CXX_LANGUAGE_STANDARD = "gnu++20";
				CLANG_ENABLE_MODULES = YES;
				CLANG_ENABLE_OBJC_ARC = YES;
				CLANG_ENABLE_OBJC_WEAK = YES;
				CLANG_WARN_BLOCK_CAPTURE_AUTORELEASING = YES;
				CLANG_WARN_BOOL_CONVERSION = YES;
				CLANG_WARN_COMMA = YES;
				CLANG_WARN_CONSTANT_CONVERSION = YES;
				CLANG_WARN_DEPRECATED_OBJC_IMPLEMENTATIONS = YES;
				CLANG_WARN_DIRECT_OBJC_ISA_USAGE = YES_ERROR;
				CLANG_WARN_DOCUMENTATION_COMMENTS = YES;
				CLANG_WARN_EMPTY_BODY = YES;
				CLANG_WARN_ENUM_CONVERSION = YES;
				CLANG_WARN_INFINITE_RECURSION = YES;
				CLANG_WARN_INT_CONVERSION = YES;
				CLANG_WARN_NON_LITERAL_NULL_CONVERSION = YES;
				CLANG_WARN_OBJC_IMPLICIT_RETAIN_SELF = YES;
				CLANG_WARN_OBJC_LITERAL_CONVERSION = YES;
				CLANG_WARN_OBJC_ROOT_CLASS = YES_ERROR;
				CLANG_WARN_QUOTED_INCLUDE_IN_FRAMEWORK_HEADER = YES;
				CLANG_WARN_RANGE_LOOP_ANALYSIS = YES;
				CLANG_WARN_STRICT_PROTOTYPES = YES;
				CLANG_WARN_SUSPICIOUS_MOVE = YES;
				CLANG_WARN_UNGUARDED_AVAILABILITY = YES_AGGRESSIVE;
				CLANG_WARN_UNREACHABLE_CODE = YES;
				CLANG_WARN__DUPLICATE_METHOD_MATCH = YES;
				COPY_PHASE_STRIP = NO;
				DEAD_CODE_STRIPPING = YES;
				DEBUG_INFORMATION_FORMAT = dwarf;
				ENABLE_STRICT_OBJC_MSGSEND = YES;
				ENABLE_TESTABILITY = YES;
				ENABLE_USER_SCRIPT_SANDBOXING = YES;
				GCC_C_LANGUAGE_STANDARD = gnu17;
				GCC_DYNAMIC_NO_PIC = NO;
				GCC_NO_COMMON_BLOCKS = YES;
				GCC_OPTIMIZATION_LEVEL = 0;
				GCC_PREPROCESSOR_DEFINITIONS = (
					"DEBUG=1",
					"$(inherited)",
				);
				GCC_WARN_64_TO_32_BIT_CONVERSION = YES;
				GCC_WARN_ABOUT_RETURN_TYPE = YES_ERROR;
				GCC_WARN_UNDECLARED_SELECTOR = YES;
				GCC_WARN_UNINITIALIZED_AUTOS = YES_AGGRESSIVE;
				GCC_WARN_UNUSED_FUNCTION = YES;
				GCC_WARN_UNUSED_VARIABLE = YES;
				LOCALIZATION_PREFERS_STRING_CATALOGS = YES;
				MTL_ENABLE_DEBUG_INFO = INCLUDE_SOURCE;
				MTL_FAST_MATH = YES;
				ONLY_ACTIVE_ARCH = YES;
				SWIFT_ACTIVE_COMPILATION_CONDITIONS = "DEBUG $(inherited)";
				SWIFT_OPTIMIZATION_LEVEL = "-Onone";
			};
			name = Debug;
		};
		FCC0A7A62CE00D3E00649302 /* Release */ = {
			isa = XCBuildConfiguration;
			buildSettings = {
				ALWAYS_SEARCH_USER_PATHS = NO;
				ASSETCATALOG_COMPILER_GENERATE_SWIFT_ASSET_SYMBOL_EXTENSIONS = YES;
				CLANG_ANALYZER_NONNULL = YES;
				CLANG_ANALYZER_NUMBER_OBJECT_CONVERSION = YES_AGGRESSIVE;
				CLANG_CXX_LANGUAGE_STANDARD = "gnu++20";
				CLANG_ENABLE_MODULES = YES;
				CLANG_ENABLE_OBJC_ARC = YES;
				CLANG_ENABLE_OBJC_WEAK = YES;
				CLANG_WARN_BLOCK_CAPTURE_AUTORELEASING = YES;
				CLANG_WARN_BOOL_CONVERSION = YES;
				CLANG_WARN_COMMA = YES;
				CLANG_WARN_CONSTANT_CONVERSION = YES;
				CLANG_WARN_DEPRECATED_OBJC_IMPLEMENTATIONS = YES;
				CLANG_WARN_DIRECT_OBJC_ISA_USAGE = YES_ERROR;
				CLANG_WARN_DOCUMENTATION_COMMENTS = YES;
				CLANG_WARN_EMPTY_BODY = YES;
				CLANG_WARN_ENUM_CONVERSION = YES;
				CLANG_WARN_INFINITE_RECURSION = YES;
				CLANG_WARN_INT_CONVERSION = YES;
				CLANG_WARN_NON_LITERAL_NULL_CONVERSION = YES;
				CLANG_WARN_OBJC_IMPLICIT_RETAIN_SELF = YES;
				CLANG_WARN_OBJC_LITERAL_CONVERSION = YES;
				CLANG_WARN_OBJC_ROOT_CLASS = YES_ERROR;
				CLANG_WARN_QUOTED_INCLUDE_IN_FRAMEWORK_HEADER = YES;
				CLANG_WARN_RANGE_LOOP_ANALYSIS = YES;
				CLANG_WARN_STRICT_PROTOTYPES = YES;
				CLANG_WARN_SUSPICIOUS_MOVE = YES;
				CLANG_WARN_UNGUARDED_AVAILABILITY = YES_AGGRESSIVE;
				CLANG_WARN_UNREACHABLE_CODE = YES;
				CLANG_WARN__DUPLICATE_METHOD_MATCH = YES;
				COPY_PHASE_STRIP = NO;
				DEAD_CODE_STRIPPING = YES;
				DEBUG_INFORMATION_FORMAT = "dwarf-with-dsym";
				ENABLE_NS_ASSERTIONS = NO;
				ENABLE_STRICT_OBJC_MSGSEND = YES;
				ENABLE_USER_SCRIPT_SANDBOXING = YES;
				GCC_C_LANGUAGE_STANDARD = gnu17;
				GCC_NO_COMMON_BLOCKS = YES;
				GCC_WARN_64_TO_32_BIT_CONVERSION = YES;
				GCC_WARN_ABOUT_RETURN_TYPE = YES_ERROR;
				GCC_WARN_UNDECLARED_SELECTOR = YES;
				GCC_WARN_UNINITIALIZED_AUTOS = YES_AGGRESSIVE;
				GCC_WARN_UNUSED_FUNCTION = YES;
				GCC_WARN_UNUSED_VARIABLE = YES;
				LOCALIZATION_PREFERS_STRING_CATALOGS = YES;
				MTL_ENABLE_DEBUG_INFO = NO;
				MTL_FAST_MATH = YES;
				SWIFT_COMPILATION_MODE = wholemodule;
			};
			name = Release;
		};
		FCC0A7A82CE00D3E00649302 /* Debug */ = {
			isa = XCBuildConfiguration;
			buildSettings = {
				ASSETCATALOG_COMPILER_APPICON_NAME = AppIcon;
				ASSETCATALOG_COMPILER_GLOBAL_ACCENT_COLOR_NAME = AccentColor;
				CODE_SIGN_ENTITLEMENTS = FlightTix/FlightTix.entitlements;
				CODE_SIGN_STYLE = Automatic;
				CURRENT_PROJECT_VERSION = 1;
				DEAD_CODE_STRIPPING = YES;
				DEVELOPMENT_ASSET_PATHS = "\"FlightTix/Preview Content\"";
				DEVELOPMENT_TEAM = VK4YEHB7P5;
				ENABLE_HARDENED_RUNTIME = YES;
				ENABLE_PREVIEWS = YES;
				GENERATE_INFOPLIST_FILE = YES;
				"INFOPLIST_KEY_UIApplicationSceneManifest_Generation[sdk=iphoneos*]" = YES;
				"INFOPLIST_KEY_UIApplicationSceneManifest_Generation[sdk=iphonesimulator*]" = YES;
				"INFOPLIST_KEY_UIApplicationSupportsIndirectInputEvents[sdk=iphoneos*]" = YES;
				"INFOPLIST_KEY_UIApplicationSupportsIndirectInputEvents[sdk=iphonesimulator*]" = YES;
				"INFOPLIST_KEY_UILaunchScreen_Generation[sdk=iphoneos*]" = YES;
				"INFOPLIST_KEY_UILaunchScreen_Generation[sdk=iphonesimulator*]" = YES;
				"INFOPLIST_KEY_UIStatusBarStyle[sdk=iphoneos*]" = UIStatusBarStyleDefault;
				"INFOPLIST_KEY_UIStatusBarStyle[sdk=iphonesimulator*]" = UIStatusBarStyleDefault;
				INFOPLIST_KEY_UISupportedInterfaceOrientations_iPad = "UIInterfaceOrientationPortrait UIInterfaceOrientationPortraitUpsideDown UIInterfaceOrientationLandscapeLeft UIInterfaceOrientationLandscapeRight";
				INFOPLIST_KEY_UISupportedInterfaceOrientations_iPhone = "UIInterfaceOrientationPortrait UIInterfaceOrientationLandscapeLeft UIInterfaceOrientationLandscapeRight";
				IPHONEOS_DEPLOYMENT_TARGET = 15.0;
				LD_RUNPATH_SEARCH_PATHS = "@executable_path/Frameworks";
				"LD_RUNPATH_SEARCH_PATHS[sdk=macosx*]" = "@executable_path/../Frameworks";
				MACOSX_DEPLOYMENT_TARGET = 13.5;
				MARKETING_VERSION = 1.0;
				PRODUCT_BUNDLE_IDENTIFIER = org.covelop.FlightTix;
				PRODUCT_NAME = "$(TARGET_NAME)";
				SDKROOT = auto;
				SUPPORTED_PLATFORMS = "iphoneos iphonesimulator macosx xros xrsimulator";
				SWIFT_EMIT_LOC_STRINGS = YES;
				SWIFT_VERSION = 5.0;
				TARGETED_DEVICE_FAMILY = "1,2,7";
				XROS_DEPLOYMENT_TARGET = 2.0;
			};
			name = Debug;
		};
		FCC0A7A92CE00D3E00649302 /* Release */ = {
			isa = XCBuildConfiguration;
			buildSettings = {
				ASSETCATALOG_COMPILER_APPICON_NAME = AppIcon;
				ASSETCATALOG_COMPILER_GLOBAL_ACCENT_COLOR_NAME = AccentColor;
				CODE_SIGN_ENTITLEMENTS = FlightTix/FlightTix.entitlements;
				CODE_SIGN_STYLE = Automatic;
				CURRENT_PROJECT_VERSION = 1;
				DEAD_CODE_STRIPPING = YES;
				DEVELOPMENT_ASSET_PATHS = "\"FlightTix/Preview Content\"";
				DEVELOPMENT_TEAM = VK4YEHB7P5;
				ENABLE_HARDENED_RUNTIME = YES;
				ENABLE_PREVIEWS = YES;
				GENERATE_INFOPLIST_FILE = YES;
				"INFOPLIST_KEY_UIApplicationSceneManifest_Generation[sdk=iphoneos*]" = YES;
				"INFOPLIST_KEY_UIApplicationSceneManifest_Generation[sdk=iphonesimulator*]" = YES;
				"INFOPLIST_KEY_UIApplicationSupportsIndirectInputEvents[sdk=iphoneos*]" = YES;
				"INFOPLIST_KEY_UIApplicationSupportsIndirectInputEvents[sdk=iphonesimulator*]" = YES;
				"INFOPLIST_KEY_UILaunchScreen_Generation[sdk=iphoneos*]" = YES;
				"INFOPLIST_KEY_UILaunchScreen_Generation[sdk=iphonesimulator*]" = YES;
				"INFOPLIST_KEY_UIStatusBarStyle[sdk=iphoneos*]" = UIStatusBarStyleDefault;
				"INFOPLIST_KEY_UIStatusBarStyle[sdk=iphonesimulator*]" = UIStatusBarStyleDefault;
				INFOPLIST_KEY_UISupportedInterfaceOrientations_iPad = "UIInterfaceOrientationPortrait UIInterfaceOrientationPortraitUpsideDown UIInterfaceOrientationLandscapeLeft UIInterfaceOrientationLandscapeRight";
				INFOPLIST_KEY_UISupportedInterfaceOrientations_iPhone = "UIInterfaceOrientationPortrait UIInterfaceOrientationLandscapeLeft UIInterfaceOrientationLandscapeRight";
				IPHONEOS_DEPLOYMENT_TARGET = 15.0;
				LD_RUNPATH_SEARCH_PATHS = "@executable_path/Frameworks";
				"LD_RUNPATH_SEARCH_PATHS[sdk=macosx*]" = "@executable_path/../Frameworks";
				MACOSX_DEPLOYMENT_TARGET = 13.5;
				MARKETING_VERSION = 1.0;
				PRODUCT_BUNDLE_IDENTIFIER = org.covelop.FlightTix;
				PRODUCT_NAME = "$(TARGET_NAME)";
				SDKROOT = auto;
				SUPPORTED_PLATFORMS = "iphoneos iphonesimulator macosx xros xrsimulator";
				SWIFT_EMIT_LOC_STRINGS = YES;
				SWIFT_VERSION = 5.0;
				TARGETED_DEVICE_FAMILY = "1,2,7";
				XROS_DEPLOYMENT_TARGET = 2.0;
			};
			name = Release;
		};
		FCC0A7AB2CE00D3E00649302 /* Debug */ = {
			isa = XCBuildConfiguration;
			buildSettings = {
				BUNDLE_LOADER = "$(TEST_HOST)";
				CODE_SIGN_STYLE = Automatic;
				CURRENT_PROJECT_VERSION = 1;
				DEAD_CODE_STRIPPING = YES;
				DEVELOPMENT_TEAM = VK4YEHB7P5;
				GENERATE_INFOPLIST_FILE = YES;
				IPHONEOS_DEPLOYMENT_TARGET = 18.0;
				MACOSX_DEPLOYMENT_TARGET = 14.6;
				MARKETING_VERSION = 1.0;
				PRODUCT_BUNDLE_IDENTIFIER = org.covelop.FlightTixTests;
				PRODUCT_NAME = "$(TARGET_NAME)";
				SDKROOT = auto;
				SUPPORTED_PLATFORMS = "iphoneos iphonesimulator macosx xros xrsimulator";
				SWIFT_EMIT_LOC_STRINGS = NO;
				SWIFT_VERSION = 5.0;
				TARGETED_DEVICE_FAMILY = "1,2,7";
				TEST_HOST = "$(BUILT_PRODUCTS_DIR)/FlightTix.app/$(BUNDLE_EXECUTABLE_FOLDER_PATH)/FlightTix";
				XROS_DEPLOYMENT_TARGET = 2.0;
			};
			name = Debug;
		};
		FCC0A7AC2CE00D3E00649302 /* Release */ = {
			isa = XCBuildConfiguration;
			buildSettings = {
				BUNDLE_LOADER = "$(TEST_HOST)";
				CODE_SIGN_STYLE = Automatic;
				CURRENT_PROJECT_VERSION = 1;
				DEAD_CODE_STRIPPING = YES;
				DEVELOPMENT_TEAM = VK4YEHB7P5;
				GENERATE_INFOPLIST_FILE = YES;
				IPHONEOS_DEPLOYMENT_TARGET = 18.0;
				MACOSX_DEPLOYMENT_TARGET = 14.6;
				MARKETING_VERSION = 1.0;
				PRODUCT_BUNDLE_IDENTIFIER = org.covelop.FlightTixTests;
				PRODUCT_NAME = "$(TARGET_NAME)";
				SDKROOT = auto;
				SUPPORTED_PLATFORMS = "iphoneos iphonesimulator macosx xros xrsimulator";
				SWIFT_EMIT_LOC_STRINGS = NO;
				SWIFT_VERSION = 5.0;
				TARGETED_DEVICE_FAMILY = "1,2,7";
				TEST_HOST = "$(BUILT_PRODUCTS_DIR)/FlightTix.app/$(BUNDLE_EXECUTABLE_FOLDER_PATH)/FlightTix";
				XROS_DEPLOYMENT_TARGET = 2.0;
			};
			name = Release;
		};
		FCC0A7AE2CE00D3E00649302 /* Debug */ = {
			isa = XCBuildConfiguration;
			buildSettings = {
				CODE_SIGN_STYLE = Automatic;
				CURRENT_PROJECT_VERSION = 1;
				DEAD_CODE_STRIPPING = YES;
				DEVELOPMENT_TEAM = VK4YEHB7P5;
				GENERATE_INFOPLIST_FILE = YES;
				IPHONEOS_DEPLOYMENT_TARGET = 18.0;
				MACOSX_DEPLOYMENT_TARGET = 14.6;
				MARKETING_VERSION = 1.0;
				PRODUCT_BUNDLE_IDENTIFIER = org.covelop.FlightTixUITests;
				PRODUCT_NAME = "$(TARGET_NAME)";
				SDKROOT = auto;
				SUPPORTED_PLATFORMS = "iphoneos iphonesimulator macosx xros xrsimulator";
				SWIFT_EMIT_LOC_STRINGS = NO;
				SWIFT_VERSION = 5.0;
				TARGETED_DEVICE_FAMILY = "1,2,7";
				TEST_TARGET_NAME = FlightTix;
				XROS_DEPLOYMENT_TARGET = 2.0;
			};
			name = Debug;
		};
		FCC0A7AF2CE00D3E00649302 /* Release */ = {
			isa = XCBuildConfiguration;
			buildSettings = {
				CODE_SIGN_STYLE = Automatic;
				CURRENT_PROJECT_VERSION = 1;
				DEAD_CODE_STRIPPING = YES;
				DEVELOPMENT_TEAM = VK4YEHB7P5;
				GENERATE_INFOPLIST_FILE = YES;
				IPHONEOS_DEPLOYMENT_TARGET = 18.0;
				MACOSX_DEPLOYMENT_TARGET = 14.6;
				MARKETING_VERSION = 1.0;
				PRODUCT_BUNDLE_IDENTIFIER = org.covelop.FlightTixUITests;
				PRODUCT_NAME = "$(TARGET_NAME)";
				SDKROOT = auto;
				SUPPORTED_PLATFORMS = "iphoneos iphonesimulator macosx xros xrsimulator";
				SWIFT_EMIT_LOC_STRINGS = NO;
				SWIFT_VERSION = 5.0;
				TARGETED_DEVICE_FAMILY = "1,2,7";
				TEST_TARGET_NAME = FlightTix;
				XROS_DEPLOYMENT_TARGET = 2.0;
			};
			name = Release;
		};
/* End XCBuildConfiguration section */

/* Begin XCConfigurationList section */
		FCC0A77D2CE00D3D00649302 /* Build configuration list for PBXProject "FlightTix" */ = {
			isa = XCConfigurationList;
			buildConfigurations = (
				FCC0A7A52CE00D3E00649302 /* Debug */,
				FCC0A7A62CE00D3E00649302 /* Release */,
			);
			defaultConfigurationIsVisible = 0;
			defaultConfigurationName = Release;
		};
		FCC0A7A72CE00D3E00649302 /* Build configuration list for PBXNativeTarget "FlightTix" */ = {
			isa = XCConfigurationList;
			buildConfigurations = (
				FCC0A7A82CE00D3E00649302 /* Debug */,
				FCC0A7A92CE00D3E00649302 /* Release */,
			);
			defaultConfigurationIsVisible = 0;
			defaultConfigurationName = Release;
		};
		FCC0A7AA2CE00D3E00649302 /* Build configuration list for PBXNativeTarget "FlightTixTests" */ = {
			isa = XCConfigurationList;
			buildConfigurations = (
				FCC0A7AB2CE00D3E00649302 /* Debug */,
				FCC0A7AC2CE00D3E00649302 /* Release */,
			);
			defaultConfigurationIsVisible = 0;
			defaultConfigurationName = Release;
		};
		FCC0A7AD2CE00D3E00649302 /* Build configuration list for PBXNativeTarget "FlightTixUITests" */ = {
			isa = XCConfigurationList;
			buildConfigurations = (
				FCC0A7AE2CE00D3E00649302 /* Debug */,
				FCC0A7AF2CE00D3E00649302 /* Release */,
			);
			defaultConfigurationIsVisible = 0;
			defaultConfigurationName = Release;
		};
/* End XCConfigurationList section */

/* Begin XCRemoteSwiftPackageReference section */
		DD30D2BE2DE8B15300E4CF4F /* XCRemoteSwiftPackageReference "sdk-swift" */ = {
			isa = XCRemoteSwiftPackageReference;
			repositoryURL = "git@github.com:hyperledger-identus/sdk-swift.git";
			requirement = {
				kind = upToNextMajorVersion;
				minimumVersion = 7.2.0;
			};
		};
		DD9535042E38FBDE00A23E41 /* XCRemoteSwiftPackageReference "identus-swift" */ = {
			isa = XCRemoteSwiftPackageReference;
			repositoryURL = "git@github.com:goodfuturellc/identus-swift.git";
			requirement = {
				branch = main;
				kind = branch;
			};
		};
		FC4D618D2D18CC1200CB2733 /* XCRemoteSwiftPackageReference "keychain-swift" */ = {
			isa = XCRemoteSwiftPackageReference;
			repositoryURL = "https://github.com/evgenyneu/keychain-swift";
			requirement = {
				kind = upToNextMajorVersion;
				minimumVersion = 24.0.0;
			};
		};
/* End XCRemoteSwiftPackageReference section */

/* Begin XCSwiftPackageProductDependency section */
		DD30D2BF2DE8B15300E4CF4F /* Apollo */ = {
			isa = XCSwiftPackageProductDependency;
			package = DD30D2BE2DE8B15300E4CF4F /* XCRemoteSwiftPackageReference "sdk-swift" */;
			productName = Apollo;
		};
		DD30D2C12DE8B15300E4CF4F /* Authenticate */ = {
			isa = XCSwiftPackageProductDependency;
			package = DD30D2BE2DE8B15300E4CF4F /* XCRemoteSwiftPackageReference "sdk-swift" */;
			productName = Authenticate;
		};
		DD30D2C32DE8B15300E4CF4F /* Builders */ = {
			isa = XCSwiftPackageProductDependency;
			package = DD30D2BE2DE8B15300E4CF4F /* XCRemoteSwiftPackageReference "sdk-swift" */;
			productName = Builders;
		};
		DD30D2C52DE8B15300E4CF4F /* Castor */ = {
			isa = XCSwiftPackageProductDependency;
			package = DD30D2BE2DE8B15300E4CF4F /* XCRemoteSwiftPackageReference "sdk-swift" */;
			productName = Castor;
		};
		DD30D2C72DE8B15300E4CF4F /* Domain */ = {
			isa = XCSwiftPackageProductDependency;
			package = DD30D2BE2DE8B15300E4CF4F /* XCRemoteSwiftPackageReference "sdk-swift" */;
			productName = Domain;
		};
		DD30D2C92DE8B15300E4CF4F /* EdgeAgent */ = {
			isa = XCSwiftPackageProductDependency;
			package = DD30D2BE2DE8B15300E4CF4F /* XCRemoteSwiftPackageReference "sdk-swift" */;
			productName = EdgeAgent;
		};
		DD30D2CB2DE8B15300E4CF4F /* EdgeAgentSDK */ = {
			isa = XCSwiftPackageProductDependency;
			package = DD30D2BE2DE8B15300E4CF4F /* XCRemoteSwiftPackageReference "sdk-swift" */;
			productName = EdgeAgentSDK;
		};
		DD30D2CD2DE8B15300E4CF4F /* Mercury */ = {
			isa = XCSwiftPackageProductDependency;
			package = DD30D2BE2DE8B15300E4CF4F /* XCRemoteSwiftPackageReference "sdk-swift" */;
			productName = Mercury;
		};
		DD30D2CF2DE8B15300E4CF4F /* Pluto */ = {
			isa = XCSwiftPackageProductDependency;
			package = DD30D2BE2DE8B15300E4CF4F /* XCRemoteSwiftPackageReference "sdk-swift" */;
			productName = Pluto;
		};
		DD30D2D12DE8B15300E4CF4F /* Pollux */ = {
			isa = XCSwiftPackageProductDependency;
			package = DD30D2BE2DE8B15300E4CF4F /* XCRemoteSwiftPackageReference "sdk-swift" */;
			productName = Pollux;
		};
		DD6BF99C2DE61D5100DD47B3 /* Apollo */ = {
			isa = XCSwiftPackageProductDependency;
			productName = Apollo;
		};
		DD6BF99E2DE61D5100DD47B3 /* Authenticate */ = {
			isa = XCSwiftPackageProductDependency;
			productName = Authenticate;
		};
		DD6BF9A02DE61D5100DD47B3 /* Builders */ = {
			isa = XCSwiftPackageProductDependency;
			productName = Builders;
		};
		DD6BF9A22DE61D5100DD47B3 /* Castor */ = {
			isa = XCSwiftPackageProductDependency;
			productName = Castor;
		};
		DD6BF9A42DE61D5100DD47B3 /* Domain */ = {
			isa = XCSwiftPackageProductDependency;
			productName = Domain;
		};
		DD6BF9A62DE61D5100DD47B3 /* EdgeAgent */ = {
			isa = XCSwiftPackageProductDependency;
			productName = EdgeAgent;
		};
		DD6BF9A82DE61D5100DD47B3 /* EdgeAgentSDK */ = {
			isa = XCSwiftPackageProductDependency;
			productName = EdgeAgentSDK;
		};
		DD6BF9AA2DE61D5100DD47B3 /* Mercury */ = {
			isa = XCSwiftPackageProductDependency;
			productName = Mercury;
		};
		DD6BF9AC2DE61D5100DD47B3 /* Pluto */ = {
			isa = XCSwiftPackageProductDependency;
			productName = Pluto;
		};
		DD6BF9AE2DE61D5100DD47B3 /* Pollux */ = {
			isa = XCSwiftPackageProductDependency;
			productName = Pollux;
		};
		DD9535052E38FBDE00A23E41 /* IdentusSwift */ = {
			isa = XCSwiftPackageProductDependency;
			package = DD9535042E38FBDE00A23E41 /* XCRemoteSwiftPackageReference "identus-swift" */;
			productName = IdentusSwift;
		};
		DDB67EF72DE8437800567E6E /* Apollo */ = {
			isa = XCSwiftPackageProductDependency;
			productName = Apollo;
		};
		DDB67EF92DE8437800567E6E /* Authenticate */ = {
			isa = XCSwiftPackageProductDependency;
			productName = Authenticate;
		};
		DDB67EFB2DE8437800567E6E /* Builders */ = {
			isa = XCSwiftPackageProductDependency;
			productName = Builders;
		};
		DDB67EFD2DE8437800567E6E /* Castor */ = {
			isa = XCSwiftPackageProductDependency;
			productName = Castor;
		};
		DDB67EFF2DE8437800567E6E /* Domain */ = {
			isa = XCSwiftPackageProductDependency;
			productName = Domain;
		};
		DDB67F012DE8437800567E6E /* EdgeAgent */ = {
			isa = XCSwiftPackageProductDependency;
			productName = EdgeAgent;
		};
		DDB67F032DE8437800567E6E /* EdgeAgentSDK */ = {
			isa = XCSwiftPackageProductDependency;
			productName = EdgeAgentSDK;
		};
		DDB67F052DE8437800567E6E /* Mercury */ = {
			isa = XCSwiftPackageProductDependency;
			productName = Mercury;
		};
		DDB67F072DE8437800567E6E /* Pluto */ = {
			isa = XCSwiftPackageProductDependency;
			productName = Pluto;
		};
		DDB67F092DE8437800567E6E /* Pollux */ = {
			isa = XCSwiftPackageProductDependency;
			productName = Pollux;
		};
		DDD641122DE5E4FF005DE0AF /* Apollo */ = {
			isa = XCSwiftPackageProductDependency;
			productName = Apollo;
		};
		DDD641142DE5E4FF005DE0AF /* Authenticate */ = {
			isa = XCSwiftPackageProductDependency;
			productName = Authenticate;
		};
		DDD641162DE5E4FF005DE0AF /* Builders */ = {
			isa = XCSwiftPackageProductDependency;
			productName = Builders;
		};
		DDD641182DE5E4FF005DE0AF /* Castor */ = {
			isa = XCSwiftPackageProductDependency;
			productName = Castor;
		};
		DDD6411A2DE5E4FF005DE0AF /* Domain */ = {
			isa = XCSwiftPackageProductDependency;
			productName = Domain;
		};
		DDD6411C2DE5E4FF005DE0AF /* EdgeAgent */ = {
			isa = XCSwiftPackageProductDependency;
			productName = EdgeAgent;
		};
		DDD6411E2DE5E4FF005DE0AF /* EdgeAgentSDK */ = {
			isa = XCSwiftPackageProductDependency;
			productName = EdgeAgentSDK;
		};
		DDD641202DE5E4FF005DE0AF /* Mercury */ = {
			isa = XCSwiftPackageProductDependency;
			productName = Mercury;
		};
		DDD641222DE5E4FF005DE0AF /* Pluto */ = {
			isa = XCSwiftPackageProductDependency;
			productName = Pluto;
		};
		DDD641242DE5E4FF005DE0AF /* Pollux */ = {
			isa = XCSwiftPackageProductDependency;
			productName = Pollux;
		};
		FC4D618E2D18CC1200CB2733 /* KeychainSwift */ = {
			isa = XCSwiftPackageProductDependency;
			package = FC4D618D2D18CC1200CB2733 /* XCRemoteSwiftPackageReference "keychain-swift" */;
			productName = KeychainSwift;
		};
/* End XCSwiftPackageProductDependency section */
	};
	rootObject = FCC0A77A2CE00D3D00649302 /* Project object */;
}
